
Microsoft Visual Studio Solution File, Format Version 12.00
# Visual Studio Version 17
VisualStudioVersion = 17.5.002.0
MinimumVisualStudioVersion = 10.0.40219.1
Project("{9A19103F-16F7-4668-BE54-9A1E7A4F7556}") = "pinvoke", "pinvoke.csproj", "{433E42F5-CD3F-47E3-A80E-89884FC9E589}"
EndProject
Global
	GlobalSection(SolutionConfigurationPlatforms) = preSolution
		Debug|Any CPU = Debug|Any CPU
		Release|Any CPU = Release|Any CPU
	EndGlobalSection
	GlobalSection(ProjectConfigurationPlatforms) = postSolution
		{433E42F5-CD3F-47E3-A80E-89884FC9E589}.Debug|Any CPU.ActiveCfg = Debug|Any CPU
		{433E42F5-CD3F-47E3-A80E-89884FC9E589}.Debug|Any CPU.Build.0 = Debug|Any CPU
		{433E42F5-CD3F-47E3-A80E-89884FC9E589}.Release|Any CPU.ActiveCfg = Release|Any CPU
		{433E42F5-CD3F-47E3-A80E-89884FC9E589}.Release|Any CPU.Build.0 = Release|Any CPU
	EndGlobalSection
	GlobalSection(SolutionProperties) = preSolution
		HideSolutionNode = FALSE
	EndGlobalSection
	GlobalSection(ExtensibilityGlobals) = postSolution
		SolutionGuid = {785E7974-A975-4AC8-B18C-4BCB76A8C497}
	EndGlobalSection
EndGlobal
